
Microsoft Visual Studio Solution File, Format Version 12.00
# Visual Studio Version 16
VisualStudioVersion = 16.0.30523.141
MinimumVisualStudioVersion = 10.0.40219.1
Project("{9A19103F-16F7-4668-BE54-9A1E7A4F7556}") = "Vector2D", "Vector2D\Vector2D.csproj", "{B7AA85D1-4111-481B-A437-D39633772067}"
EndProject
Project("{FAE04EC0-301F-11D3-BF4B-00C04F79EFBC}") = "Resources", "Resources\Resources.csproj", "{250EB873-028F-4673-85FD-BA52382C0C14}"
EndProject
Project("{FAE04EC0-301F-11D3-BF4B-00C04F79EFBC}") = "GameController", "GameController\GameController.csproj", "{A3FC4CE1-1DCC-43DA-AC18-20B41DE2DFA4}"
EndProject
Global
	GlobalSection(SolutionConfigurationPlatforms) = preSolution
		Debug|Any CPU = Debug|Any CPU
		Release|Any CPU = Release|Any CPU
	EndGlobalSection
	GlobalSection(ProjectConfigurationPlatforms) = postSolution
		{B7AA85D1-4111-481B-A437-D39633772067}.Debug|Any CPU.ActiveCfg = Debug|Any CPU
		{B7AA85D1-4111-481B-A437-D39633772067}.Debug|Any CPU.Build.0 = Debug|Any CPU
		{B7AA85D1-4111-481B-A437-D39633772067}.Release|Any CPU.ActiveCfg = Release|Any CPU
		{B7AA85D1-4111-481B-A437-D39633772067}.Release|Any CPU.Build.0 = Release|Any CPU
		{250EB873-028F-4673-85FD-BA52382C0C14}.Debug|Any CPU.ActiveCfg = Debug|Any CPU
		{250EB873-028F-4673-85FD-BA52382C0C14}.Release|Any CPU.ActiveCfg = Release|Any CPU
		{250EB873-028F-4673-85FD-BA52382C0C14}.Release|Any CPU.Build.0 = Release|Any CPU
		{A3FC4CE1-1DCC-43DA-AC18-20B41DE2DFA4}.Debug|Any CPU.ActiveCfg = Debug|Any CPU
		{A3FC4CE1-1DCC-43DA-AC18-20B41DE2DFA4}.Debug|Any CPU.Build.0 = Debug|Any CPU
		{A3FC4CE1-1DCC-43DA-AC18-20B41DE2DFA4}.Release|Any CPU.ActiveCfg = Release|Any CPU
		{A3FC4CE1-1DCC-43DA-AC18-20B41DE2DFA4}.Release|Any CPU.Build.0 = Release|Any CPU
	EndGlobalSection
	GlobalSection(SolutionProperties) = preSolution
		HideSolutionNode = FALSE
	EndGlobalSection
	GlobalSection(ExtensibilityGlobals) = postSolution
		SolutionGuid = {4D0370BE-DDD8-445C-AFE9-7BF11005A2C6}
	EndGlobalSection
EndGlobal
