
Microsoft Visual Studio Solution File, Format Version 12.00
# Visual Studio Version 16
VisualStudioVersion = 16.0.30413.136
MinimumVisualStudioVersion = 10.0.40219.1
Project("{9A19103F-16F7-4668-BE54-9A1E7A4F7556}") = "NetworkController", "NetworkController.csproj", "{79DAF8AD-6998-4E3C-A270-18D228252EEE}"
EndProject
Project("{FAE04EC0-301F-11D3-BF4B-00C04F79EFBC}") = "NetworkTestingPrivate", "..\NetworkTestingPrivate\NetworkTestingPrivate.csproj", "{12F2FA87-8B9F-479B-BB51-D23F7DDF4563}"
EndProject
Global
	GlobalSection(SolutionConfigurationPlatforms) = preSolution
		Debug|Any CPU = Debug|Any CPU
		Release|Any CPU = Release|Any CPU
	EndGlobalSection
	GlobalSection(ProjectConfigurationPlatforms) = postSolution
		{79DAF8AD-6998-4E3C-A270-18D228252EEE}.Debug|Any CPU.ActiveCfg = Debug|Any CPU
		{79DAF8AD-6998-4E3C-A270-18D228252EEE}.Debug|Any CPU.Build.0 = Debug|Any CPU
		{79DAF8AD-6998-4E3C-A270-18D228252EEE}.Release|Any CPU.ActiveCfg = Release|Any CPU
		{79DAF8AD-6998-4E3C-A270-18D228252EEE}.Release|Any CPU.Build.0 = Release|Any CPU
		{12F2FA87-8B9F-479B-BB51-D23F7DDF4563}.Debug|Any CPU.ActiveCfg = Debug|Any CPU
		{12F2FA87-8B9F-479B-BB51-D23F7DDF4563}.Debug|Any CPU.Build.0 = Debug|Any CPU
		{12F2FA87-8B9F-479B-BB51-D23F7DDF4563}.Release|Any CPU.ActiveCfg = Release|Any CPU
		{12F2FA87-8B9F-479B-BB51-D23F7DDF4563}.Release|Any CPU.Build.0 = Release|Any CPU
	EndGlobalSection
	GlobalSection(SolutionProperties) = preSolution
		HideSolutionNode = FALSE
	EndGlobalSection
	GlobalSection(ExtensibilityGlobals) = postSolution
		SolutionGuid = {40978E3B-CC7C-4D9C-B2C4-85DCB7A6F03D}
	EndGlobalSection
EndGlobal
